{
  "name": "uikit-webpack",
  "lockfileVersion": 2,
  "requires": true,
  "packages": {
    "": {
      "dependencies": {
        "uikit": "^3.15.22"
      }
    },
    "node_modules/uikit": {
      "version": "3.15.22",
      "resolved": "https://registry.npmjs.org/uikit/-/uikit-3.15.22.tgz",
      "integrity": "sha512-J41leVNqyGIcXcE9YDTmUQc1GjwUsieUeLONZ7tMH0hvZiQ8D6/sIK6TySPsQMD9Lz+P/zf23yAkDijhLY/uOw=="
    }
  },
  "dependencies": {
    "uikit": {
      "version": "3.15.22",
      "resolved": "https://registry.npmjs.org/uikit/-/uikit-3.15.22.tgz",
      "integrity": "sha512-J41leVNqyGIcXcE9YDTmUQc1GjwUsieUeLONZ7tMH0hvZiQ8D6/sIK6TySPsQMD9Lz+P/zf23yAkDijhLY/uOw=="
    }
  }
}
